// !$*UTF8*$!
{
	archiveVersion = 1;
	classes = {
	};
	objectVersion = 50;
	objects = {

/* Begin PBXBuildFile section */
		043C8D9121E5631B00C5EFCB /* AppDelegate.swift in Sources */ = {isa = PBXBuildFile; fileRef = 043C8D9021E5631B00C5EFCB /* AppDelegate.swift */; };
		043C8D9321E5631B00C5EFCB /* CalculatorVC.swift in Sources */ = {isa = PBXBuildFile; fileRef = 043C8D9221E5631B00C5EFCB /* CalculatorVC.swift */; };
		043C8D9621E5631B00C5EFCB /* Main.storyboard in Resources */ = {isa = PBXBuildFile; fileRef = 043C8D9421E5631B00C5EFCB /* Main.storyboard */; };
		043C8D9821E5631D00C5EFCB /* Assets.xcassets in Resources */ = {isa = PBXBuildFile; fileRef = 043C8D9721E5631D00C5EFCB /* Assets.xcassets */; };
		043C8D9B21E5631D00C5EFCB /* LaunchScreen.storyboard in Resources */ = {isa = PBXBuildFile; fileRef = 043C8D9921E5631D00C5EFCB /* LaunchScreen.storyboard */; };
		043C8DA321E5908400C5EFCB /* CalculatorBrain.swift in Sources */ = {isa = PBXBuildFile; fileRef = 043C8DA221E5908400C5EFCB /* CalculatorBrain.swift */; };
/* End PBXBuildFile section */

/* Begin PBXFileReference section */
		043C8D8D21E5631B00C5EFCB /* TigerCalcuator.app */ = {isa = PBXFileReference; explicitFileType = wrapper.application; includeInIndex = 0; path = TigerCalcuator.app; sourceTree = BUILT_PRODUCTS_DIR; };
		043C8D9021E5631B00C5EFCB /* AppDelegate.swift */ = {isa = PBXFileReference; lastKnownFileType = sourcecode.swift; path = AppDelegate.swift; sourceTree = "<group>"; };
		043C8D9221E5631B00C5EFCB /* CalculatorVC.swift */ = {isa = PBXFileReference; lastKnownFileType = sourcecode.swift; path = CalculatorVC.swift; sourceTree = "<group>"; };
		043C8D9521E5631B00C5EFCB /* Base */ = {isa = PBXFileReference; lastKnownFileType = file.storyboard; name = Base; path = Base.lproj/Main.storyboard; sourceTree = "<group>"; };
		043C8D9721E5631D00C5EFCB /* Assets.xcassets */ = {isa = PBXFileReference; lastKnownFileType = folder.assetcatalog; path = Assets.xcassets; sourceTree = "<group>"; };
		043C8D9A21E5631D00C5EFCB /* Base */ = {isa = PBXFileReference; lastKnownFileType = file.storyboard; name = Base; path = Base.lproj/LaunchScreen.storyboard; sourceTree = "<group>"; };
		043C8D9C21E5631D00C5EFCB /* Info.plist */ = {isa = PBXFileReference; lastKnownFileType = text.plist.xml; path = Info.plist; sourceTree = "<group>"; };
		043C8DA221E5908400C5EFCB /* CalculatorBrain.swift */ = {isa = PBXFileReference; lastKnownFileType = sourcecode.swift; path = CalculatorBrain.swift; sourceTree = "<group>"; };
/* End PBXFileReference section */

/* Begin PBXFrameworksBuildPhase section */
		043C8D8A21E5631B00C5EFCB /* Frameworks */ = {
			isa = PBXFrameworksBuildPhase;
			buildActionMask = 2147483647;
			files = (
			);
			runOnlyForDeploymentPostprocessing = 0;
		};
/* End PBXFrameworksBuildPhase section */

/* Begin PBXGroup section */
		043C8D8421E5631B00C5EFCB = {
			isa = PBXGroup;
			children = (
				043C8D8F21E5631B00C5EFCB /* TigerCalcuator */,
				043C8D8E21E5631B00C5EFCB /* Products */,
			);
			sourceTree = "<group>";
		};
		043C8D8E21E5631B00C5EFCB /* Products */ = {
			isa = PBXGroup;
			children = (
				043C8D8D21E5631B00C5EFCB /* TigerCalcuator.app */,
			);
			name = Products;
			sourceTree = "<group>";
		};
		043C8D8F21E5631B00C5EFCB /* TigerCalcuator */ = {
			isa = PBXGroup;
			children = (
				043C8D9021E5631B00C5EFCB /* AppDelegate.swift */,
				043C8D9221E5631B00C5EFCB /* CalculatorVC.swift */,
				043C8DA221E5908400C5EFCB /* CalculatorBrain.swift */,
				043C8D9421E5631B00C5EFCB /* Main.storyboard */,
				043C8D9721E5631D00C5EFCB /* Assets.xcassets */,
				043C8D9921E5631D00C5EFCB /* LaunchScreen.storyboard */,
				043C8D9C21E5631D00C5EFCB /* Info.plist */,
			);
			path = TigerCalcuator;
			sourceTree = "<group>";
		};
/* End PBXGroup section */

/* Begin PBXNativeTarget section */
		043C8D8C21E5631B00C5EFCB /* TigerCalcuator */ = {
			isa = PBXNativeTarget;
			buildConfigurationList = 043C8D9F21E5631D00C5EFCB /* Build configuration list for PBXNativeTarget "TigerCalcuator" */;
			buildPhases = (
				043C8D8921E5631B00C5EFCB /* Sources */,
				043C8D8A21E5631B00C5EFCB /* Frameworks */,
				043C8D8B21E5631B00C5EFCB /* Resources */,
			);
			buildRules = (
			);
			dependencies = (
			);
			name = TigerCalcuator;
			productName = TigerCalcuator;
			productReference = 043C8D8D21E5631B00C5EFCB /* TigerCalcuator.app */;
			productType = "com.apple.product-type.application";
		};
/* End PBXNativeTarget section */

/* Begin PBXProject section */
		043C8D8521E5631B00C5EFCB /* Project object */ = {
			isa = PBXProject;
			attributes = {
				LastSwiftUpdateCheck = 1010;
				LastUpgradeCheck = 1010;
				ORGANIZATIONNAME = MOAHMMED;
				TargetAttributes = {
					043C8D8C21E5631B00C5EFCB = {
						CreatedOnToolsVersion = 10.1;
					};
				};
			};
			buildConfigurationList = 043C8D8821E5631B00C5EFCB /* Build configuration list for PBXProject "TigerCalcuator" */;
			compatibilityVersion = "Xcode 9.3";
			developmentRegion = en;
			hasScannedForEncodings = 0;
			knownRegions = (
				en,
				Base,
			);
			mainGroup = 043C8D8421E5631B00C5EFCB;
			productRefGroup = 043C8D8E21E5631B00C5EFCB /* Products */;
			projectDirPath = "";
			projectRoot = "";
			targets = (
				043C8D8C21E5631B00C5EFCB /* TigerCalcuator */,
			);
		};
/* End PBXProject section */

/* Begin PBXResourcesBuildPhase section */
		043C8D8B21E5631B00C5EFCB /* Resources */ = {
			isa = PBXResourcesBuildPhase;
			buildActionMask = 2147483647;
			files = (
				043C8D9B21E5631D00C5EFCB /* LaunchScreen.storyboard in Resources */,
				043C8D9821E5631D00C5EFCB /* Assets.xcassets in Resources */,
				043C8D9621E5631B00C5EFCB /* Main.storyboard in Resources */,
			);
			runOnlyForDeploymentPostprocessing = 0;
		};
/* End PBXResourcesBuildPhase section */

/* Begin PBXSourcesBuildPhase section */
		043C8D8921E5631B00C5EFCB /* Sources */ = {
			isa = PBXSourcesBuildPhase;
			buildActionMask = 2147483647;
			files = (
				043C8DA321E5908400C5EFCB /* CalculatorBrain.swift in Sources */,
				043C8D9321E5631B00C5EFCB /* CalculatorVC.swift in Sources */,
				043C8D9121E5631B00C5EFCB /* AppDelegate.swift in Sources */,
			);
			runOnlyForDeploymentPostprocessing = 0;
		};
/* End PBXSourcesBuildPhase section */

/* Begin PBXVariantGroup section */
		043C8D9421E5631B00C5EFCB /* Main.storyboard */ = {
			isa = PBXVariantGroup;
			children = (
				043C8D9521E5631B00C5EFCB /* Base */,
			);
			name = Main.storyboard;
			sourceTree = "<group>";
		};
		043C8D9921E5631D00C5EFCB /* LaunchScreen.storyboard */ = {
			isa = PBXVariantGroup;
			children = (
				043C8D9A21E5631D00C5EFCB /* Base */,
			);
			name = LaunchScreen.storyboard;
			sourceTree = "<group>";
		};
/* End PBXVariantGroup section */

/* Begin XCBuildConfiguration section */
		043C8D9D21E5631D00C5EFCB /* Debug */ = {
			isa = XCBuildConfiguration;
			buildSettings = {
				ALWAYS_SEARCH_USER_PATHS = NO;
				CLANG_ANALYZER_NONNULL = YES;
				CLANG_ANALYZER_NUMBER_OBJECT_CONVERSION = YES_AGGRESSIVE;
				CLANG_CXX_LANGUAGE_STANDARD = "gnu++14";
				CLANG_CXX_LIBRARY = "libc++";
				CLANG_ENABLE_MODULES = YES;
				CLANG_ENABLE_OBJC_ARC = YES;
				CLANG_ENABLE_OBJC_WEAK = YES;
				CLANG_WARN_BLOCK_CAPTURE_AUTORELEASING = YES;
				CLANG_WARN_BOOL_CONVERSION = YES;
				CLANG_WARN_COMMA = YES;
				CLANG_WARN_CONSTANT_CONVERSION = YES;
				CLANG_WARN_DEPRECATED_OBJC_IMPLEMENTATIONS = YES;
				CLANG_WARN_DIRECT_OBJC_ISA_USAGE = YES_ERROR;
				CLANG_WARN_DOCUMENTATION_COMMENTS = YES;
				CLANG_WARN_EMPTY_BODY = YES;
				CLANG_WARN_ENUM_CONVERSION = YES;
				CLANG_WARN_INFINITE_RECURSION = YES;
				CLANG_WARN_INT_CONVERSION = YES;
				CLANG_WARN_NON_LITERAL_NULL_CONVERSION = YES;
				CLANG_WARN_OBJC_IMPLICIT_RETAIN_SELF = YES;
				CLANG_WARN_OBJC_LITERAL_CONVERSION = YES;
				CLANG_WARN_OBJC_ROOT_CLASS = YES_ERROR;
				CLANG_WARN_RANGE_LOOP_ANALYSIS = YES;
				CLANG_WARN_STRICT_PROTOTYPES = YES;
				CLANG_WARN_SUSPICIOUS_MOVE = YES;
				CLANG_WARN_UNGUARDED_AVAILABILITY = YES_AGGRESSIVE;
				CLANG_WARN_UNREACHABLE_CODE = YES;
				CLANG_WARN__DUPLICATE_METHOD_MATCH = YES;
				CODE_SIGN_IDENTITY = "iPhone Developer";
				COPY_PHASE_STRIP = NO;
				DEBUG_INFORMATION_FORMAT = dwarf;
				ENABLE_STRICT_OBJC_MSGSEND = YES;
				ENABLE_TESTABILITY = YES;
				GCC_C_LANGUAGE_STANDARD = gnu11;
				GCC_DYNAMIC_NO_PIC = NO;
				GCC_NO_COMMON_BLOCKS = YES;
				GCC_OPTIMIZATION_LEVEL = 0;
				GCC_PREPROCESSOR_DEFINITIONS = (
					"DEBUG=1",
					"$(inherited)",
				);
				GCC_WARN_64_TO_32_BIT_CONVERSION = YES;
				GCC_WARN_ABOUT_RETURN_TYPE = YES_ERROR;
				GCC_WARN_UNDECLARED_SELECTOR = YES;
				GCC_WARN_UNINITIALIZED_AUTOS = YES_AGGRESSIVE;
				GCC_WARN_UNUSED_FUNCTION = YES;
				GCC_WARN_UNUSED_VARIABLE = YES;
				IPHONEOS_DEPLOYMENT_TARGET = 12.1;
				MTL_ENABLE_DEBUG_INFO = INCLUDE_SOURCE;
				MTL_FAST_MATH = YES;
				ONLY_ACTIVE_ARCH = YES;
				SDKROOT = iphoneos;
				SWIFT_ACTIVE_COMPILATION_CONDITIONS = DEBUG;
				SWIFT_OPTIMIZATION_LEVEL = "-Onone";
			};
			name = Debug;
		};
		043C8D9E21E5631D00C5EFCB /* Release */ = {
			isa = XCBuildConfiguration;
			buildSettings = {
				ALWAYS_SEARCH_USER_PATHS = NO;
				CLANG_ANALYZER_NONNULL = YES;
				CLANG_ANALYZER_NUMBER_OBJECT_CONVERSION = YES_AGGRESSIVE;
				CLANG_CXX_LANGUAGE_STANDARD = "gnu++14";
				CLANG_CXX_LIBRARY = "libc++";
				CLANG_ENABLE_MODULES = YES;
				CLANG_ENABLE_OBJC_ARC = YES;
				CLANG_ENABLE_OBJC_WEAK = YES;
				CLANG_WARN_BLOCK_CAPTURE_AUTORELEASING = YES;
				CLANG_WARN_BOOL_CONVERSION = YES;
				CLANG_WARN_COMMA = YES;
				CLANG_WARN_CONSTANT_CONVERSION = YES;
				CLANG_WARN_DEPRECATED_OBJC_IMPLEMENTATIONS = YES;
				CLANG_WARN_DIRECT_OBJC_ISA_USAGE = YES_ERROR;
				CLANG_WARN_DOCUMENTATION_COMMENTS = YES;
				CLANG_WARN_EMPTY_BODY = YES;
				CLANG_WARN_ENUM_CONVERSION = YES;
				CLANG_WARN_INFINITE_RECURSION = YES;
				CLANG_WARN_INT_CONVERSION = YES;
				CLANG_WARN_NON_LITERAL_NULL_CONVERSION = YES;
				CLANG_WARN_OBJC_IMPLICIT_RETAIN_SELF = YES;
				CLANG_WARN_OBJC_LITERAL_CONVERSION = YES;
				CLANG_WARN_OBJC_ROOT_CLASS = YES_ERROR;
				CLANG_WARN_RANGE_LOOP_ANALYSIS = YES;
				CLANG_WARN_STRICT_PROTOTYPES = YES;
				CLANG_WARN_SUSPICIOUS_MOVE = YES;
				CLANG_WARN_UNGUARDED_AVAILABILITY = YES_AGGRESSIVE;
				CLANG_WARN_UNREACHABLE_CODE = YES;
				CLANG_WARN__DUPLICATE_METHOD_MATCH = YES;
				CODE_SIGN_IDENTITY = "iPhone Developer";
				COPY_PHASE_STRIP = NO;
				DEBUG_INFORMATION_FORMAT = "dwarf-with-dsym";
				ENABLE_NS_ASSERTIONS = NO;
				ENABLE_STRICT_OBJC_MSGSEND = YES;
				GCC_C_LANGUAGE_STANDARD = gnu11;
				GCC_NO_COMMON_BLOCKS = YES;
				GCC_WARN_64_TO_32_BIT_CONVERSION = YES;
				GCC_WARN_ABOUT_RETURN_TYPE = YES_ERROR;
				GCC_WARN_UNDECLARED_SELECTOR = YES;
				GCC_WARN_UNINITIALIZED_AUTOS = YES_AGGRESSIVE;
				GCC_WARN_UNUSED_FUNCTION = YES;
				GCC_WARN_UNUSED_VARIABLE = YES;
				IPHONEOS_DEPLOYMENT_TARGET = 12.1;
				MTL_ENABLE_DEBUG_INFO = NO;
				MTL_FAST_MATH = YES;
				SDKROOT = iphoneos;
				SWIFT_COMPILATION_MODE = wholemodule;
				SWIFT_OPTIMIZATION_LEVEL = "-O";
				VALIDATE_PRODUCT = YES;
			};
			name = Release;
		};
		043C8DA021E5631D00C5EFCB /* Debug */ = {
			isa = XCBuildConfiguration;
			buildSettings = {
				ASSETCATALOG_COMPILER_APPICON_NAME = AppIcon;
				CODE_SIGN_STYLE = Automatic;
				DEVELOPMENT_TEAM = 92L2V2QDK8;
				INFOPLIST_FILE = TigerCalcuator/Info.plist;
				IPHONEOS_DEPLOYMENT_TARGET = 10.0;
				LD_RUNPATH_SEARCH_PATHS = (
					"$(inherited)",
					"@executable_path/Frameworks",
				);
				PRODUCT_BUNDLE_IDENTIFIER = com.namer.Calcuator;
				PRODUCT_NAME = "$(TARGET_NAME)";
				SWIFT_VERSION = 4.2;
				TARGETED_DEVICE_FAMILY = "1,2";
			};
			name = Debug;
		};
		043C8DA121E5631D00C5EFCB /* Release */ = {
			isa = XCBuildConfiguration;
			buildSettings = {
				ASSETCATALOG_COMPILER_APPICON_NAME = AppIcon;
				CODE_SIGN_STYLE = Automatic;
				DEVELOPMENT_TEAM = 92L2V2QDK8;
				INFOPLIST_FILE = TigerCalcuator/Info.plist;
				IPHONEOS_DEPLOYMENT_TARGET = 10.0;
				LD_RUNPATH_SEARCH_PATHS = (
					"$(inherited)",
					"@executable_path/Frameworks",
				);
				PRODUCT_BUNDLE_IDENTIFIER = com.namer.Calcuator;
				PRODUCT_NAME = "$(TARGET_NAME)";
				SWIFT_VERSION = 4.2;
				TARGETED_DEVICE_FAMILY = "1,2";
			};
			name = Release;
		};
/* End XCBuildConfiguration section */

/* Begin XCConfigurationList section */
		043C8D8821E5631B00C5EFCB /* Build configuration list for PBXProject "TigerCalcuator" */ = {
			isa = XCConfigurationList;
			buildConfigurations = (
				043C8D9D21E5631D00C5EFCB /* Debug */,
				043C8D9E21E5631D00C5EFCB /* Release */,
			);
			defaultConfigurationIsVisible = 0;
			defaultConfigurationName = Release;
		};
		043C8D9F21E5631D00C5EFCB /* Build configuration list for PBXNativeTarget "TigerCalcuator" */ = {
			isa = XCConfigurationList;
			buildConfigurations = (
				043C8DA021E5631D00C5EFCB /* Debug */,
				043C8DA121E5631D00C5EFCB /* Release */,
			);
			defaultConfigurationIsVisible = 0;
			defaultConfigurationName = Release;
		};
/* End XCConfigurationList section */
	};
	rootObject = 043C8D8521E5631B00C5EFCB /* Project object */;
}
